// !$*UTF8*$!
{
	archiveVersion = 1;
	classes = {
	};
	objectVersion = 46;
	objects = {

/* Begin PBXBuildFile section */
		61A3379B1EC75B6D00E21557 /* RestaurantTableViewCell.swift in Sources */ = {isa = PBXBuildFile; fileRef = 61A3379A1EC75B6D00E21557 /* RestaurantTableViewCell.swift */; };
		61C6571D1EC467AB002ABE7A /* AppDelegate.swift in Sources */ = {isa = PBXBuildFile; fileRef = 61C6571C1EC467AB002ABE7A /* AppDelegate.swift */; };
		61C6571F1EC467AB002ABE7A /* ViewController.swift in Sources */ = {isa = PBXBuildFile; fileRef = 61C6571E1EC467AB002ABE7A /* ViewController.swift */; };
		61C657221EC467AB002ABE7A /* Main.storyboard in Resources */ = {isa = PBXBuildFile; fileRef = 61C657201EC467AB002ABE7A /* Main.storyboard */; };
		61C657241EC467AB002ABE7A /* Assets.xcassets in Resources */ = {isa = PBXBuildFile; fileRef = 61C657231EC467AB002ABE7A /* Assets.xcassets */; };
		61C657271EC467AB002ABE7A /* LaunchScreen.storyboard in Resources */ = {isa = PBXBuildFile; fileRef = 61C657251EC467AB002ABE7A /* LaunchScreen.storyboard */; };
		61C6572F1EC46E19002ABE7A /* TableData.swift in Sources */ = {isa = PBXBuildFile; fileRef = 61C6572E1EC46E19002ABE7A /* TableData.swift */; };
/* End PBXBuildFile section */

/* Begin PBXFileReference section */
		61A3379A1EC75B6D00E21557 /* RestaurantTableViewCell.swift */ = {isa = PBXFileReference; fileEncoding = 4; lastKnownFileType = sourcecode.swift; name = RestaurantTableViewCell.swift; path = ../RestaurantTableViewCell.swift; sourceTree = "<group>"; };
		61C657191EC467AA002ABE7A /* SimpleTableViewApp.app */ = {isa = PBXFileReference; explicitFileType = wrapper.application; includeInIndex = 0; path = SimpleTableViewApp.app; sourceTree = BUILT_PRODUCTS_DIR; };
		61C6571C1EC467AB002ABE7A /* AppDelegate.swift */ = {isa = PBXFileReference; lastKnownFileType = sourcecode.swift; path = AppDelegate.swift; sourceTree = "<group>"; };
		61C6571E1EC467AB002ABE7A /* ViewController.swift */ = {isa = PBXFileReference; lastKnownFileType = sourcecode.swift; path = ViewController.swift; sourceTree = "<group>"; };
		61C657211EC467AB002ABE7A /* Base */ = {isa = PBXFileReference; lastKnownFileType = file.storyboard; name = Base; path = Base.lproj/Main.storyboard; sourceTree = "<group>"; };
		61C657231EC467AB002ABE7A /* Assets.xcassets */ = {isa = PBXFileReference; lastKnownFileType = folder.assetcatalog; path = Assets.xcassets; sourceTree = "<group>"; };
		61C657261EC467AB002ABE7A /* Base */ = {isa = PBXFileReference; lastKnownFileType = file.storyboard; name = Base; path = Base.lproj/LaunchScreen.storyboard; sourceTree = "<group>"; };
		61C657281EC467AB002ABE7A /* Info.plist */ = {isa = PBXFileReference; lastKnownFileType = text.plist.xml; path = Info.plist; sourceTree = "<group>"; };
		61C6572E1EC46E19002ABE7A /* TableData.swift */ = {isa = PBXFileReference; fileEncoding = 4; lastKnownFileType = sourcecode.swift; path = TableData.swift; sourceTree = "<group>"; };
/* End PBXFileReference section */

/* Begin PBXFrameworksBuildPhase section */
		61C657161EC467AA002ABE7A /* Frameworks */ = {
			isa = PBXFrameworksBuildPhase;
			buildActionMask = 2147483647;
			files = (
			);
			runOnlyForDeploymentPostprocessing = 0;
		};
/* End PBXFrameworksBuildPhase section */

/* Begin PBXGroup section */
		61C657101EC467AA002ABE7A = {
			isa = PBXGroup;
			children = (
				61C6571B1EC467AA002ABE7A /* SimpleTableViewApp */,
				61C6571A1EC467AA002ABE7A /* Products */,
			);
			sourceTree = "<group>";
		};
		61C6571A1EC467AA002ABE7A /* Products */ = {
			isa = PBXGroup;
			children = (
				61C657191EC467AA002ABE7A /* SimpleTableViewApp.app */,
			);
			name = Products;
			sourceTree = "<group>";
		};
		61C6571B1EC467AA002ABE7A /* SimpleTableViewApp */ = {
			isa = PBXGroup;
			children = (
				61A3379A1EC75B6D00E21557 /* RestaurantTableViewCell.swift */,
				61C6571C1EC467AB002ABE7A /* AppDelegate.swift */,
				61C6571E1EC467AB002ABE7A /* ViewController.swift */,
				61C6572E1EC46E19002ABE7A /* TableData.swift */,
				61C657201EC467AB002ABE7A /* Main.storyboard */,
				61C657231EC467AB002ABE7A /* Assets.xcassets */,
				61C657251EC467AB002ABE7A /* LaunchScreen.storyboard */,
				61C657281EC467AB002ABE7A /* Info.plist */,
			);
			path = SimpleTableViewApp;
			sourceTree = "<group>";
		};
/* End PBXGroup section */

/* Begin PBXNativeTarget section */
		61C657181EC467AA002ABE7A /* SimpleTableViewApp */ = {
			isa = PBXNativeTarget;
			buildConfigurationList = 61C6572B1EC467AB002ABE7A /* Build configuration list for PBXNativeTarget "SimpleTableViewApp" */;
			buildPhases = (
				61C657151EC467AA002ABE7A /* Sources */,
				61C657161EC467AA002ABE7A /* Frameworks */,
				61C657171EC467AA002ABE7A /* Resources */,
			);
			buildRules = (
			);
			dependencies = (
			);
			name = SimpleTableViewApp;
			productName = SimpleTableViewApp;
			productReference = 61C657191EC467AA002ABE7A /* SimpleTableViewApp.app */;
			productType = "com.apple.product-type.application";
		};
/* End PBXNativeTarget section */

/* Begin PBXProject section */
		61C657111EC467AA002ABE7A /* Project object */ = {
			isa = PBXProject;
			attributes = {
				LastSwiftUpdateCheck = 0830;
				LastUpgradeCheck = 0830;
				ORGANIZATIONNAME = "onur hüseyin çantay";
				TargetAttributes = {
					61C657181EC467AA002ABE7A = {
						CreatedOnToolsVersion = 8.3.2;
						DevelopmentTeam = B4F2B776R3;
						ProvisioningStyle = Automatic;
					};
				};
			};
			buildConfigurationList = 61C657141EC467AA002ABE7A /* Build configuration list for PBXProject "SimpleTableViewApp" */;
			compatibilityVersion = "Xcode 3.2";
			developmentRegion = English;
			hasScannedForEncodings = 0;
			knownRegions = (
				en,
				Base,
			);
			mainGroup = 61C657101EC467AA002ABE7A;
			productRefGroup = 61C6571A1EC467AA002ABE7A /* Products */;
			projectDirPath = "";
			projectRoot = "";
			targets = (
				61C657181EC467AA002ABE7A /* SimpleTableViewApp */,
			);
		};
/* End PBXProject section */

/* Begin PBXResourcesBuildPhase section */
		61C657171EC467AA002ABE7A /* Resources */ = {
			isa = PBXResourcesBuildPhase;
			buildActionMask = 2147483647;
			files = (
				61C657271EC467AB002ABE7A /* LaunchScreen.storyboard in Resources */,
				61C657241EC467AB002ABE7A /* Assets.xcassets in Resources */,
				61C657221EC467AB002ABE7A /* Main.storyboard in Resources */,
			);
			runOnlyForDeploymentPostprocessing = 0;
		};
/* End PBXResourcesBuildPhase section */

/* Begin PBXSourcesBuildPhase section */
		61C657151EC467AA002ABE7A /* Sources */ = {
			isa = PBXSourcesBuildPhase;
			buildActionMask = 2147483647;
			files = (
				61A3379B1EC75B6D00E21557 /* RestaurantTableViewCell.swift in Sources */,
				61C6572F1EC46E19002ABE7A /* TableData.swift in Sources */,
				61C6571F1EC467AB002ABE7A /* ViewController.swift in Sources */,
				61C6571D1EC467AB002ABE7A /* AppDelegate.swift in Sources */,
			);
			runOnlyForDeploymentPostprocessing = 0;
		};
/* End PBXSourcesBuildPhase section */

/* Begin PBXVariantGroup section */
		61C657201EC467AB002ABE7A /* Main.storyboard */ = {
			isa = PBXVariantGroup;
			children = (
				61C657211EC467AB002ABE7A /* Base */,
			);
			name = Main.storyboard;
			sourceTree = "<group>";
		};
		61C657251EC467AB002ABE7A /* LaunchScreen.storyboard */ = {
			isa = PBXVariantGroup;
			children = (
				61C657261EC467AB002ABE7A /* Base */,
			);
			name = LaunchScreen.storyboard;
			sourceTree = "<group>";
		};
/* End PBXVariantGroup section */

/* Begin XCBuildConfiguration section */
		61C657291EC467AB002ABE7A /* Debug */ = {
			isa = XCBuildConfiguration;
			buildSettings = {
				ALWAYS_SEARCH_USER_PATHS = NO;
				CLANG_ANALYZER_NONNULL = YES;
				CLANG_ANALYZER_NUMBER_OBJECT_CONVERSION = YES_AGGRESSIVE;
				CLANG_CXX_LANGUAGE_STANDARD = "gnu++0x";
				CLANG_CXX_LIBRARY = "libc++";
				CLANG_ENABLE_MODULES = YES;
				CLANG_ENABLE_OBJC_ARC = YES;
				CLANG_WARN_BOOL_CONVERSION = YES;
				CLANG_WARN_CONSTANT_CONVERSION = YES;
				CLANG_WARN_DIRECT_OBJC_ISA_USAGE = YES_ERROR;
				CLANG_WARN_DOCUMENTATION_COMMENTS = YES;
				CLANG_WARN_EMPTY_BODY = YES;
				CLANG_WARN_ENUM_CONVERSION = YES;
				CLANG_WARN_INFINITE_RECURSION = YES;
				CLANG_WARN_INT_CONVERSION = YES;
				CLANG_WARN_OBJC_ROOT_CLASS = YES_ERROR;
				CLANG_WARN_SUSPICIOUS_MOVE = YES;
				CLANG_WARN_UNREACHABLE_CODE = YES;
				CLANG_WARN__DUPLICATE_METHOD_MATCH = YES;
				"CODE_SIGN_IDENTITY[sdk=iphoneos*]" = "iPhone Developer";
				COPY_PHASE_STRIP = NO;
				DEBUG_INFORMATION_FORMAT = dwarf;
				ENABLE_STRICT_OBJC_MSGSEND = YES;
				ENABLE_TESTABILITY = YES;
				GCC_C_LANGUAGE_STANDARD = gnu99;
				GCC_DYNAMIC_NO_PIC = NO;
				GCC_NO_COMMON_BLOCKS = YES;
				GCC_OPTIMIZATION_LEVEL = 0;
				GCC_PREPROCESSOR_DEFINITIONS = (
					"DEBUG=1",
					"$(inherited)",
				);
				GCC_WARN_64_TO_32_BIT_CONVERSION = YES;
				GCC_WARN_ABOUT_RETURN_TYPE = YES_ERROR;
				GCC_WARN_UNDECLARED_SELECTOR = YES;
				GCC_WARN_UNINITIALIZED_AUTOS = YES_AGGRESSIVE;
				GCC_WARN_UNUSED_FUNCTION = YES;
				GCC_WARN_UNUSED_VARIABLE = YES;
				IPHONEOS_DEPLOYMENT_TARGET = 10.3;
				MTL_ENABLE_DEBUG_INFO = YES;
				ONLY_ACTIVE_ARCH = YES;
				SDKROOT = iphoneos;
				SWIFT_ACTIVE_COMPILATION_CONDITIONS = DEBUG;
				SWIFT_OPTIMIZATION_LEVEL = "-Onone";
			};
			name = Debug;
		};
		61C6572A1EC467AB002ABE7A /* Release */ = {
			isa = XCBuildConfiguration;
			buildSettings = {
				ALWAYS_SEARCH_USER_PATHS = NO;
				CLANG_ANALYZER_NONNULL = YES;
				CLANG_ANALYZER_NUMBER_OBJECT_CONVERSION = YES_AGGRESSIVE;
				CLANG_CXX_LANGUAGE_STANDARD = "gnu++0x";
				CLANG_CXX_LIBRARY = "libc++";
				CLANG_ENABLE_MODULES = YES;
				CLANG_ENABLE_OBJC_ARC = YES;
				CLANG_WARN_BOOL_CONVERSION = YES;
				CLANG_WARN_CONSTANT_CONVERSION = YES;
				CLANG_WARN_DIRECT_OBJC_ISA_USAGE = YES_ERROR;
				CLANG_WARN_DOCUMENTATION_COMMENTS = YES;
				CLANG_WARN_EMPTY_BODY = YES;
				CLANG_WARN_ENUM_CONVERSION = YES;
				CLANG_WARN_INFINITE_RECURSION = YES;
				CLANG_WARN_INT_CONVERSION = YES;
				CLANG_WARN_OBJC_ROOT_CLASS = YES_ERROR;
				CLANG_WARN_SUSPICIOUS_MOVE = YES;
				CLANG_WARN_UNREACHABLE_CODE = YES;
				CLANG_WARN__DUPLICATE_METHOD_MATCH = YES;
				"CODE_SIGN_IDENTITY[sdk=iphoneos*]" = "iPhone Developer";
				COPY_PHASE_STRIP = NO;
				DEBUG_INFORMATION_FORMAT = "dwarf-with-dsym";
				ENABLE_NS_ASSERTIONS = NO;
				ENABLE_STRICT_OBJC_MSGSEND = YES;
				GCC_C_LANGUAGE_STANDARD = gnu99;
				GCC_NO_COMMON_BLOCKS = YES;
				GCC_WARN_64_TO_32_BIT_CONVERSION = YES;
				GCC_WARN_ABOUT_RETURN_TYPE = YES_ERROR;
				GCC_WARN_UNDECLARED_SELECTOR = YES;
				GCC_WARN_UNINITIALIZED_AUTOS = YES_AGGRESSIVE;
				GCC_WARN_UNUSED_FUNCTION = YES;
				GCC_WARN_UNUSED_VARIABLE = YES;
				IPHONEOS_DEPLOYMENT_TARGET = 10.3;
				MTL_ENABLE_DEBUG_INFO = NO;
				SDKROOT = iphoneos;
				SWIFT_OPTIMIZATION_LEVEL = "-Owholemodule";
				VALIDATE_PRODUCT = YES;
			};
			name = Release;
		};
		61C6572C1EC467AB002ABE7A /* Debug */ = {
			isa = XCBuildConfiguration;
			buildSettings = {
				ASSETCATALOG_COMPILER_APPICON_NAME = AppIcon;
				DEVELOPMENT_TEAM = B4F2B776R3;
				INFOPLIST_FILE = SimpleTableViewApp/Info.plist;
				LD_RUNPATH_SEARCH_PATHS = "$(inherited) @executable_path/Frameworks";
				PRODUCT_BUNDLE_IDENTIFIER = com.onur.SimpleTableViewApp;
				PRODUCT_NAME = "$(TARGET_NAME)";
				SWIFT_VERSION = 3.0;
			};
			name = Debug;
		};
		61C6572D1EC467AB002ABE7A /* Release */ = {
			isa = XCBuildConfiguration;
			buildSettings = {
				ASSETCATALOG_COMPILER_APPICON_NAME = AppIcon;
				DEVELOPMENT_TEAM = B4F2B776R3;
				INFOPLIST_FILE = SimpleTableViewApp/Info.plist;
				LD_RUNPATH_SEARCH_PATHS = "$(inherited) @executable_path/Frameworks";
				PRODUCT_BUNDLE_IDENTIFIER = com.onur.SimpleTableViewApp;
				PRODUCT_NAME = "$(TARGET_NAME)";
				SWIFT_VERSION = 3.0;
			};
			name = Release;
		};
/* End XCBuildConfiguration section */

/* Begin XCConfigurationList section */
		61C657141EC467AA002ABE7A /* Build configuration list for PBXProject "SimpleTableViewApp" */ = {
			isa = XCConfigurationList;
			buildConfigurations = (
				61C657291EC467AB002ABE7A /* Debug */,
				61C6572A1EC467AB002ABE7A /* Release */,
			);
			defaultConfigurationIsVisible = 0;
			defaultConfigurationName = Release;
		};
		61C6572B1EC467AB002ABE7A /* Build configuration list for PBXNativeTarget "SimpleTableViewApp" */ = {
			isa = XCConfigurationList;
			buildConfigurations = (
				61C6572C1EC467AB002ABE7A /* Debug */,
				61C6572D1EC467AB002ABE7A /* Release */,
			);
			defaultConfigurationIsVisible = 0;
			defaultConfigurationName = Release;
		};
/* End XCConfigurationList section */
	};
	rootObject = 61C657111EC467AA002ABE7A /* Project object */;
}
